{
  "name": "asp.net",
  "version": "1.0.0",
  "lockfileVersion": 1,
  "requires": true,
  "dependencies": {
    "@syncfusion/ej2-js-es5": {
      "version": "19.1.54",
      "resolved": "https://registry.npmjs.org/@syncfusion/ej2-js-es5/-/ej2-js-es5-19.1.54.tgz",
      "integrity": "sha512-6DuDv5Tql5mQ3mPK3/QdGkVnolRWFmIKAkZQDsa27mLmsFEQEQoFvHAEmsZTHDhEeKGrwnV0VqYDOoqFTy1O1A==",
      "dev": true
    }
  }
}
